
Microsoft Visual Studio Solution File, Format Version 12.00
# Visual Studio Version 16
VisualStudioVersion = 16.0.31613.86
MinimumVisualStudioVersion = 10.0.40219.1
Project("{FAE04EC0-301F-11D3-BF4B-00C04F79EFBC}") = "TripEssentialClient", "TripEssentialClient\TripEssentialClient.csproj", "{99800E34-D3D0-4EEB-BA37-2BFE67A14C37}"
EndProject
Project("{FAE04EC0-301F-11D3-BF4B-00C04F79EFBC}") = "TripEssentialClient.BLL", "TripEssentialClient.BLL\TripEssentialClient.BLL.csproj", "{B1B1CFBB-F915-4A5D-9821-D4058B870A5B}"
EndProject
Global
	GlobalSection(SolutionConfigurationPlatforms) = preSolution
		Debug|Any CPU = Debug|Any CPU
		Release|Any CPU = Release|Any CPU
	EndGlobalSection
	GlobalSection(ProjectConfigurationPlatforms) = postSolution
		{99800E34-D3D0-4EEB-BA37-2BFE67A14C37}.Debug|Any CPU.ActiveCfg = Debug|Any CPU
		{99800E34-D3D0-4EEB-BA37-2BFE67A14C37}.Debug|Any CPU.Build.0 = Debug|Any CPU
		{99800E34-D3D0-4EEB-BA37-2BFE67A14C37}.Release|Any CPU.ActiveCfg = Release|Any CPU
		{99800E34-D3D0-4EEB-BA37-2BFE67A14C37}.Release|Any CPU.Build.0 = Release|Any CPU
		{B1B1CFBB-F915-4A5D-9821-D4058B870A5B}.Debug|Any CPU.ActiveCfg = Debug|Any CPU
		{B1B1CFBB-F915-4A5D-9821-D4058B870A5B}.Debug|Any CPU.Build.0 = Debug|Any CPU
		{B1B1CFBB-F915-4A5D-9821-D4058B870A5B}.Release|Any CPU.ActiveCfg = Release|Any CPU
		{B1B1CFBB-F915-4A5D-9821-D4058B870A5B}.Release|Any CPU.Build.0 = Release|Any CPU
	EndGlobalSection
	GlobalSection(SolutionProperties) = preSolution
		HideSolutionNode = FALSE
	EndGlobalSection
	GlobalSection(ExtensibilityGlobals) = postSolution
		SolutionGuid = {A211D9CE-FD35-4FFA-9CA2-30111C64CAF8}
	EndGlobalSection
EndGlobal
